FORGE
  remote: https://forgeapi.puppetlabs.com
  specs:
    dsestero-download_uncompress (1.2.0)
      puppetlabs-stdlib (~> 4.0)
    puppetlabs-apt (2.2.2)
      puppetlabs-stdlib (< 5.0.0, >= 4.5.0)
    puppetlabs-nodejs (0.8.0)
      puppetlabs-stdlib (< 5.0.0, >= 2.2.1)
    puppetlabs-ntp (4.1.2)
      puppetlabs-stdlib (< 5.0.0, >= 4.6.0)
    puppetlabs-stdlib (4.11.0)
    treydock-gpg_key (0.0.3)

GIT
  remote: https://github.com/Firebladee/yumrepos.git
  ref: master
  sha: bc5fc9a0995065d7aaffc8a10489d4f7f639853a
  specs:
    Firebladee-yumrepo (0.0.1)

DEPENDENCIES
  Firebladee-yumrepo (>= 0)
  dsestero-download_uncompress (>= 0)
  puppetlabs-apt (>= 0)
  puppetlabs-nodejs (>= 0)
  puppetlabs-ntp (>= 0)
  puppetlabs-stdlib (>= 0)
  treydock-gpg_key (>= 0)

