FORGE
  remote: https://forgeapi.puppetlabs.com
  specs:
    dsestero-download_uncompress (1.2.0)
      puppetlabs-stdlib (~> 4.0)
    puppetlabs-apt (2.2.2)
      puppetlabs-stdlib (< 5.0.0, >= 4.5.0)
    puppetlabs-nodejs (0.8.0)
      puppetlabs-stdlib (< 5.0.0, >= 2.2.1)
    puppetlabs-ntp (4.1.2)
      puppetlabs-stdlib (< 5.0.0, >= 4.6.0)
    puppetlabs-stdlib (4.11.0)
    treydock-gpg_key (0.0.3)

DEPENDENCIES
  dsestero-download_uncompress (< 2.0.0, >= 1.2.0)
  puppetlabs-apt (>= 0)
  puppetlabs-nodejs (< 1.0.0, >= 0.8.0)
  puppetlabs-ntp (>= 0)
  puppetlabs-stdlib (< 5.0.0, >= 4.1.0)
  treydock-gpg_key (< 1.0.0, >= 0.0.3)

